
Microsoft Visual Studio Solution File, Format Version 11.00
# Visual Studio 2010
Project("{FAE04EC0-301F-11D3-BF4B-00C04F79EFBC}") = "Brackeys 2D Platformer Tutorial", "Assembly-CSharp-firstpass.csproj", "{FD718964-154C-FB3F-08FD-9B0B70B065BD}"
EndProject
Project("{FAE04EC0-301F-11D3-BF4B-00C04F79EFBC}") = "Brackeys 2D Platformer Tutorial", "Assembly-CSharp.csproj", "{7E46FFC9-7D3B-21D0-364D-413C9E3D2399}"
EndProject
Project("{FAE04EC0-301F-11D3-BF4B-00C04F79EFBC}") = "Brackeys 2D Platformer Tutorial", "Assembly-CSharp-Editor-firstpass.csproj", "{F888AB7A-4244-1511-DB19-D6ADC18181DF}"
EndProject
Global
	GlobalSection(SolutionConfigurationPlatforms) = preSolution
		Debug|Any CPU = Debug|Any CPU
		Release|Any CPU = Release|Any CPU
	EndGlobalSection
	GlobalSection(ProjectConfigurationPlatforms) = postSolution
		{FD718964-154C-FB3F-08FD-9B0B70B065BD}.Debug|Any CPU.ActiveCfg = Debug|Any CPU
		{FD718964-154C-FB3F-08FD-9B0B70B065BD}.Debug|Any CPU.Build.0 = Debug|Any CPU
		{FD718964-154C-FB3F-08FD-9B0B70B065BD}.Release|Any CPU.ActiveCfg = Release|Any CPU
		{FD718964-154C-FB3F-08FD-9B0B70B065BD}.Release|Any CPU.Build.0 = Release|Any CPU
		{7E46FFC9-7D3B-21D0-364D-413C9E3D2399}.Debug|Any CPU.ActiveCfg = Debug|Any CPU
		{7E46FFC9-7D3B-21D0-364D-413C9E3D2399}.Debug|Any CPU.Build.0 = Debug|Any CPU
		{7E46FFC9-7D3B-21D0-364D-413C9E3D2399}.Release|Any CPU.ActiveCfg = Release|Any CPU
		{7E46FFC9-7D3B-21D0-364D-413C9E3D2399}.Release|Any CPU.Build.0 = Release|Any CPU
		{F888AB7A-4244-1511-DB19-D6ADC18181DF}.Debug|Any CPU.ActiveCfg = Debug|Any CPU
		{F888AB7A-4244-1511-DB19-D6ADC18181DF}.Debug|Any CPU.Build.0 = Debug|Any CPU
		{F888AB7A-4244-1511-DB19-D6ADC18181DF}.Release|Any CPU.ActiveCfg = Release|Any CPU
		{F888AB7A-4244-1511-DB19-D6ADC18181DF}.Release|Any CPU.Build.0 = Release|Any CPU
	EndGlobalSection
	GlobalSection(SolutionProperties) = preSolution
		HideSolutionNode = FALSE
	EndGlobalSection
	GlobalSection(MonoDevelopProperties) = preSolution
		StartupItem = Assembly-CSharp.csproj
	EndGlobalSection
EndGlobal
